{
  "name": "web-app",
  "version": "0.1.0",
  "lockfileVersion": 1,
  "requires": true,
  "dependencies": {
    "@types/prop-types": {
      "version": "15.5.6",
      "resolved": "http://10.124.22.24:8081/artifactory/api/npm/npm-virtual/@types/prop-types/-/prop-types-15.5.6.tgz",
      "integrity": "sha1-nAPT/tcKjVF8GRt3NNooebUMomw="
    },
    "@types/react": {
      "version": "16.4.18",
      "resolved": "http://10.124.22.24:8081/artifactory/api/npm/npm-virtual/@types/react/-/react-16.4.18.tgz",
      "integrity": "sha1-Liii5/ktP6fWpl8rcydcPjE4oT0=",
      "requires": {
        "@types/prop-types": "15.5.6",
        "csstype": "2.5.7"
      }
    },
    "@types/react-bootstrap": {
      "version": "0.32.14",
      "resolved": "http://10.124.22.24:8081/artifactory/api/npm/npm-virtual/@types/react-bootstrap/-/react-bootstrap-0.32.14.tgz",
      "integrity": "sha1-Nx0SsKNg/+4duWCwbcGPvOpsrac=",
      "requires": {
        "@types/react": "16.4.18"
      }
    },
    "csstype": {
      "version": "2.5.7",
      "resolved": "http://10.124.22.24:8081/artifactory/api/npm/npm-virtual/csstype/-/csstype-2.5.7.tgz",
      "integrity": "sha1-v5I11YchQezPstFtgpk8axSRef8="
    }
  }
}
